
Microsoft Visual Studio Solution File, Format Version 12.00
# Visual Studio Version 16
VisualStudioVersion = 16.0.32413.511
MinimumVisualStudioVersion = 10.0.40219.1
Project("{FAE04EC0-301F-11D3-BF4B-00C04F79EFBC}") = "EDMCRUD", "EDMCRUD\EDMCRUD.csproj", "{654F5685-52DF-4D77-ACB6-88A7CBFB930C}"
EndProject
Global
	GlobalSection(SolutionConfigurationPlatforms) = preSolution
		Debug|Any CPU = Debug|Any CPU
		Release|Any CPU = Release|Any CPU
	EndGlobalSection
	GlobalSection(ProjectConfigurationPlatforms) = postSolution
		{654F5685-52DF-4D77-ACB6-88A7CBFB930C}.Debug|Any CPU.ActiveCfg = Debug|Any CPU
		{654F5685-52DF-4D77-ACB6-88A7CBFB930C}.Debug|Any CPU.Build.0 = Debug|Any CPU
		{654F5685-52DF-4D77-ACB6-88A7CBFB930C}.Release|Any CPU.ActiveCfg = Release|Any CPU
		{654F5685-52DF-4D77-ACB6-88A7CBFB930C}.Release|Any CPU.Build.0 = Release|Any CPU
	EndGlobalSection
	GlobalSection(SolutionProperties) = preSolution
		HideSolutionNode = FALSE
	EndGlobalSection
	GlobalSection(ExtensibilityGlobals) = postSolution
		SolutionGuid = {C79809F5-AC14-492B-B1FE-1ACF96862220}
	EndGlobalSection
EndGlobal
