
Microsoft Visual Studio Solution File, Format Version 12.00
# Visual Studio Version 16
VisualStudioVersion = 16.0.32413.511
MinimumVisualStudioVersion = 10.0.40219.1
Project("{FAE04EC0-301F-11D3-BF4B-00C04F79EFBC}") = "CreateWebApi", "CreateWebApi\CreateWebApi.csproj", "{18346BAB-71B5-4840-97F1-F52949D0ABCD}"
EndProject
Global
	GlobalSection(SolutionConfigurationPlatforms) = preSolution
		Debug|Any CPU = Debug|Any CPU
		Release|Any CPU = Release|Any CPU
	EndGlobalSection
	GlobalSection(ProjectConfigurationPlatforms) = postSolution
		{18346BAB-71B5-4840-97F1-F52949D0ABCD}.Debug|Any CPU.ActiveCfg = Debug|Any CPU
		{18346BAB-71B5-4840-97F1-F52949D0ABCD}.Debug|Any CPU.Build.0 = Debug|Any CPU
		{18346BAB-71B5-4840-97F1-F52949D0ABCD}.Release|Any CPU.ActiveCfg = Release|Any CPU
		{18346BAB-71B5-4840-97F1-F52949D0ABCD}.Release|Any CPU.Build.0 = Release|Any CPU
	EndGlobalSection
	GlobalSection(SolutionProperties) = preSolution
		HideSolutionNode = FALSE
	EndGlobalSection
	GlobalSection(ExtensibilityGlobals) = postSolution
		SolutionGuid = {867D80A5-F4EB-41BA-83FF-F760044298C6}
	EndGlobalSection
EndGlobal
